// !$*UTF8*$!
{
	archiveVersion = 1;
	classes = {
	};
	objectVersion = 51;
	objects = {

/* Begin PBXBuildFile section */
		5C275779FD04DF9143E9F663 /* Pods_Homework_Storyboard_8.framework in Frameworks */ = {isa = PBXBuildFile; fileRef = ECBCF4FC50288F8AF09883DD /* Pods_Homework_Storyboard_8.framework */; };
		5D393C112602697300E0931B /* AppDelegate.swift in Sources */ = {isa = PBXBuildFile; fileRef = 5D393C102602697300E0931B /* AppDelegate.swift */; };
		5D393C132602697300E0931B /* SceneDelegate.swift in Sources */ = {isa = PBXBuildFile; fileRef = 5D393C122602697300E0931B /* SceneDelegate.swift */; };
		5D393C152602697300E0931B /* ViewController.swift in Sources */ = {isa = PBXBuildFile; fileRef = 5D393C142602697300E0931B /* ViewController.swift */; };
		5D393C182602697300E0931B /* Main.storyboard in Resources */ = {isa = PBXBuildFile; fileRef = 5D393C162602697300E0931B /* Main.storyboard */; };
		5D393C1A2602697600E0931B /* Assets.xcassets in Resources */ = {isa = PBXBuildFile; fileRef = 5D393C192602697600E0931B /* Assets.xcassets */; };
		5D393C1D2602697600E0931B /* LaunchScreen.storyboard in Resources */ = {isa = PBXBuildFile; fileRef = 5D393C1B2602697600E0931B /* LaunchScreen.storyboard */; };
		5D393C33260274D800E0931B /* Task.swift in Sources */ = {isa = PBXBuildFile; fileRef = 5D393C32260274D800E0931B /* Task.swift */; };
		5D393C372602750100E0931B /* TaskList.swift in Sources */ = {isa = PBXBuildFile; fileRef = 5D393C362602750100E0931B /* TaskList.swift */; };
/* End PBXBuildFile section */

/* Begin PBXFileReference section */
		5D393C0D2602697300E0931B /* Homework_Storyboard_8.app */ = {isa = PBXFileReference; explicitFileType = wrapper.application; includeInIndex = 0; path = Homework_Storyboard_8.app; sourceTree = BUILT_PRODUCTS_DIR; };
		5D393C102602697300E0931B /* AppDelegate.swift */ = {isa = PBXFileReference; lastKnownFileType = sourcecode.swift; path = AppDelegate.swift; sourceTree = "<group>"; };
		5D393C122602697300E0931B /* SceneDelegate.swift */ = {isa = PBXFileReference; lastKnownFileType = sourcecode.swift; path = SceneDelegate.swift; sourceTree = "<group>"; };
		5D393C142602697300E0931B /* ViewController.swift */ = {isa = PBXFileReference; lastKnownFileType = sourcecode.swift; path = ViewController.swift; sourceTree = "<group>"; };
		5D393C172602697300E0931B /* Base */ = {isa = PBXFileReference; lastKnownFileType = file.storyboard; name = Base; path = Base.lproj/Main.storyboard; sourceTree = "<group>"; };
		5D393C192602697600E0931B /* Assets.xcassets */ = {isa = PBXFileReference; lastKnownFileType = folder.assetcatalog; path = Assets.xcassets; sourceTree = "<group>"; };
		5D393C1C2602697600E0931B /* Base */ = {isa = PBXFileReference; lastKnownFileType = file.storyboard; name = Base; path = Base.lproj/LaunchScreen.storyboard; sourceTree = "<group>"; };
		5D393C1E2602697600E0931B /* Info.plist */ = {isa = PBXFileReference; lastKnownFileType = text.plist.xml; path = Info.plist; sourceTree = "<group>"; };
		5D393C32260274D800E0931B /* Task.swift */ = {isa = PBXFileReference; lastKnownFileType = sourcecode.swift; path = Task.swift; sourceTree = "<group>"; };
		5D393C362602750100E0931B /* TaskList.swift */ = {isa = PBXFileReference; lastKnownFileType = sourcecode.swift; path = TaskList.swift; sourceTree = "<group>"; };
		7F9552935A096A6E21D8408F /* Pods-Homework_Storyboard_8.debug.xcconfig */ = {isa = PBXFileReference; includeInIndex = 1; lastKnownFileType = text.xcconfig; name = "Pods-Homework_Storyboard_8.debug.xcconfig"; path = "Target Support Files/Pods-Homework_Storyboard_8/Pods-Homework_Storyboard_8.debug.xcconfig"; sourceTree = "<group>"; };
		ECBCF4FC50288F8AF09883DD /* Pods_Homework_Storyboard_8.framework */ = {isa = PBXFileReference; explicitFileType = wrapper.framework; includeInIndex = 0; path = Pods_Homework_Storyboard_8.framework; sourceTree = BUILT_PRODUCTS_DIR; };
		FF3CDF100002D838C1C477CF /* Pods-Homework_Storyboard_8.release.xcconfig */ = {isa = PBXFileReference; includeInIndex = 1; lastKnownFileType = text.xcconfig; name = "Pods-Homework_Storyboard_8.release.xcconfig"; path = "Target Support Files/Pods-Homework_Storyboard_8/Pods-Homework_Storyboard_8.release.xcconfig"; sourceTree = "<group>"; };
/* End PBXFileReference section */

/* Begin PBXFrameworksBuildPhase section */
		5D393C0A2602697300E0931B /* Frameworks */ = {
			isa = PBXFrameworksBuildPhase;
			buildActionMask = 2147483647;
			files = (
				5C275779FD04DF9143E9F663 /* Pods_Homework_Storyboard_8.framework in Frameworks */,
			);
			runOnlyForDeploymentPostprocessing = 0;
		};
/* End PBXFrameworksBuildPhase section */

/* Begin PBXGroup section */
		2019DFC51B2453FBC0A1FFF9 /* Frameworks */ = {
			isa = PBXGroup;
			children = (
				ECBCF4FC50288F8AF09883DD /* Pods_Homework_Storyboard_8.framework */,
			);
			name = Frameworks;
			sourceTree = "<group>";
		};
		5D393C042602697300E0931B = {
			isa = PBXGroup;
			children = (
				5D393C0F2602697300E0931B /* Homework_Storyboard_8 */,
				5D393C0E2602697300E0931B /* Products */,
				E0099ED66F5B4EF04EDCBB21 /* Pods */,
				2019DFC51B2453FBC0A1FFF9 /* Frameworks */,
			);
			sourceTree = "<group>";
		};
		5D393C0E2602697300E0931B /* Products */ = {
			isa = PBXGroup;
			children = (
				5D393C0D2602697300E0931B /* Homework_Storyboard_8.app */,
			);
			name = Products;
			sourceTree = "<group>";
		};
		5D393C0F2602697300E0931B /* Homework_Storyboard_8 */ = {
			isa = PBXGroup;
			children = (
				5D393C31260274C900E0931B /* Model */,
				5D393C102602697300E0931B /* AppDelegate.swift */,
				5D393C122602697300E0931B /* SceneDelegate.swift */,
				5D393C142602697300E0931B /* ViewController.swift */,
				5D393C162602697300E0931B /* Main.storyboard */,
				5D393C192602697600E0931B /* Assets.xcassets */,
				5D393C1B2602697600E0931B /* LaunchScreen.storyboard */,
				5D393C1E2602697600E0931B /* Info.plist */,
			);
			path = Homework_Storyboard_8;
			sourceTree = "<group>";
		};
		5D393C31260274C900E0931B /* Model */ = {
			isa = PBXGroup;
			children = (
				5D393C32260274D800E0931B /* Task.swift */,
				5D393C362602750100E0931B /* TaskList.swift */,
			);
			path = Model;
			sourceTree = "<group>";
		};
		E0099ED66F5B4EF04EDCBB21 /* Pods */ = {
			isa = PBXGroup;
			children = (
				7F9552935A096A6E21D8408F /* Pods-Homework_Storyboard_8.debug.xcconfig */,
				FF3CDF100002D838C1C477CF /* Pods-Homework_Storyboard_8.release.xcconfig */,
			);
			path = Pods;
			sourceTree = "<group>";
		};
/* End PBXGroup section */

/* Begin PBXNativeTarget section */
		5D393C0C2602697300E0931B /* Homework_Storyboard_8 */ = {
			isa = PBXNativeTarget;
			buildConfigurationList = 5D393C212602697600E0931B /* Build configuration list for PBXNativeTarget "Homework_Storyboard_8" */;
			buildPhases = (
				0D5B359A6ECC413D983125E0 /* [CP] Check Pods Manifest.lock */,
				5D393C092602697300E0931B /* Sources */,
				5D393C0A2602697300E0931B /* Frameworks */,
				5D393C0B2602697300E0931B /* Resources */,
				9B85FEF2FD8CA896722BF587 /* [CP] Embed Pods Frameworks */,
			);
			buildRules = (
			);
			dependencies = (
			);
			name = Homework_Storyboard_8;
			productName = Homework_Storyboard_8;
			productReference = 5D393C0D2602697300E0931B /* Homework_Storyboard_8.app */;
			productType = "com.apple.product-type.application";
		};
/* End PBXNativeTarget section */

/* Begin PBXProject section */
		5D393C052602697300E0931B /* Project object */ = {
			isa = PBXProject;
			attributes = {
				LastSwiftUpdateCheck = 1240;
				LastUpgradeCheck = 1240;
				TargetAttributes = {
					5D393C0C2602697300E0931B = {
						CreatedOnToolsVersion = 12.4;
					};
				};
			};
			buildConfigurationList = 5D393C082602697300E0931B /* Build configuration list for PBXProject "Homework_Storyboard_8" */;
			compatibilityVersion = "Xcode 9.3";
			developmentRegion = en;
			hasScannedForEncodings = 0;
			knownRegions = (
				en,
				Base,
			);
			mainGroup = 5D393C042602697300E0931B;
			productRefGroup = 5D393C0E2602697300E0931B /* Products */;
			projectDirPath = "";
			projectRoot = "";
			targets = (
				5D393C0C2602697300E0931B /* Homework_Storyboard_8 */,
			);
		};
/* End PBXProject section */

/* Begin PBXResourcesBuildPhase section */
		5D393C0B2602697300E0931B /* Resources */ = {
			isa = PBXResourcesBuildPhase;
			buildActionMask = 2147483647;
			files = (
				5D393C1D2602697600E0931B /* LaunchScreen.storyboard in Resources */,
				5D393C1A2602697600E0931B /* Assets.xcassets in Resources */,
				5D393C182602697300E0931B /* Main.storyboard in Resources */,
			);
			runOnlyForDeploymentPostprocessing = 0;
		};
/* End PBXResourcesBuildPhase section */

/* Begin PBXShellScriptBuildPhase section */
		0D5B359A6ECC413D983125E0 /* [CP] Check Pods Manifest.lock */ = {
			isa = PBXShellScriptBuildPhase;
			buildActionMask = 2147483647;
			files = (
			);
			inputFileListPaths = (
			);
			inputPaths = (
				"${PODS_PODFILE_DIR_PATH}/Podfile.lock",
				"${PODS_ROOT}/Manifest.lock",
			);
			name = "[CP] Check Pods Manifest.lock";
			outputFileListPaths = (
			);
			outputPaths = (
				"$(DERIVED_FILE_DIR)/Pods-Homework_Storyboard_8-checkManifestLockResult.txt",
			);
			runOnlyForDeploymentPostprocessing = 0;
			shellPath = /bin/sh;
			shellScript = "diff \"${PODS_PODFILE_DIR_PATH}/Podfile.lock\" \"${PODS_ROOT}/Manifest.lock\" > /dev/null\nif [ $? != 0 ] ; then\n    # print error to STDERR\n    echo \"error: The sandbox is not in sync with the Podfile.lock. Run 'pod install' or update your CocoaPods installation.\" >&2\n    exit 1\nfi\n# This output is used by Xcode 'outputs' to avoid re-running this script phase.\necho \"SUCCESS\" > \"${SCRIPT_OUTPUT_FILE_0}\"\n";
			showEnvVarsInLog = 0;
		};
		9B85FEF2FD8CA896722BF587 /* [CP] Embed Pods Frameworks */ = {
			isa = PBXShellScriptBuildPhase;
			buildActionMask = 2147483647;
			files = (
			);
			inputFileListPaths = (
				"${PODS_ROOT}/Target Support Files/Pods-Homework_Storyboard_8/Pods-Homework_Storyboard_8-frameworks-${CONFIGURATION}-input-files.xcfilelist",
			);
			name = "[CP] Embed Pods Frameworks";
			outputFileListPaths = (
				"${PODS_ROOT}/Target Support Files/Pods-Homework_Storyboard_8/Pods-Homework_Storyboard_8-frameworks-${CONFIGURATION}-output-files.xcfilelist",
			);
			runOnlyForDeploymentPostprocessing = 0;
			shellPath = /bin/sh;
			shellScript = "\"${PODS_ROOT}/Target Support Files/Pods-Homework_Storyboard_8/Pods-Homework_Storyboard_8-frameworks.sh\"\n";
			showEnvVarsInLog = 0;
		};
/* End PBXShellScriptBuildPhase section */

/* Begin PBXSourcesBuildPhase section */
		5D393C092602697300E0931B /* Sources */ = {
			isa = PBXSourcesBuildPhase;
			buildActionMask = 2147483647;
			files = (
				5D393C33260274D800E0931B /* Task.swift in Sources */,
				5D393C372602750100E0931B /* TaskList.swift in Sources */,
				5D393C152602697300E0931B /* ViewController.swift in Sources */,
				5D393C112602697300E0931B /* AppDelegate.swift in Sources */,
				5D393C132602697300E0931B /* SceneDelegate.swift in Sources */,
			);
			runOnlyForDeploymentPostprocessing = 0;
		};
/* End PBXSourcesBuildPhase section */

/* Begin PBXVariantGroup section */
		5D393C162602697300E0931B /* Main.storyboard */ = {
			isa = PBXVariantGroup;
			children = (
				5D393C172602697300E0931B /* Base */,
			);
			name = Main.storyboard;
			sourceTree = "<group>";
		};
		5D393C1B2602697600E0931B /* LaunchScreen.storyboard */ = {
			isa = PBXVariantGroup;
			children = (
				5D393C1C2602697600E0931B /* Base */,
			);
			name = LaunchScreen.storyboard;
			sourceTree = "<group>";
		};
/* End PBXVariantGroup section */

/* Begin XCBuildConfiguration section */
		5D393C1F2602697600E0931B /* Debug */ = {
			isa = XCBuildConfiguration;
			buildSettings = {
				ALWAYS_SEARCH_USER_PATHS = NO;
				CLANG_ANALYZER_NONNULL = YES;
				CLANG_ANALYZER_NUMBER_OBJECT_CONVERSION = YES_AGGRESSIVE;
				CLANG_CXX_LANGUAGE_STANDARD = "gnu++14";
				CLANG_CXX_LIBRARY = "libc++";
				CLANG_ENABLE_MODULES = YES;
				CLANG_ENABLE_OBJC_ARC = YES;
				CLANG_ENABLE_OBJC_WEAK = YES;
				CLANG_WARN_BLOCK_CAPTURE_AUTORELEASING = YES;
				CLANG_WARN_BOOL_CONVERSION = YES;
				CLANG_WARN_COMMA = YES;
				CLANG_WARN_CONSTANT_CONVERSION = YES;
				CLANG_WARN_DEPRECATED_OBJC_IMPLEMENTATIONS = YES;
				CLANG_WARN_DIRECT_OBJC_ISA_USAGE = YES_ERROR;
				CLANG_WARN_DOCUMENTATION_COMMENTS = YES;
				CLANG_WARN_EMPTY_BODY = YES;
				CLANG_WARN_ENUM_CONVERSION = YES;
				CLANG_WARN_INFINITE_RECURSION = YES;
				CLANG_WARN_INT_CONVERSION = YES;
				CLANG_WARN_NON_LITERAL_NULL_CONVERSION = YES;
				CLANG_WARN_OBJC_IMPLICIT_RETAIN_SELF = YES;
				CLANG_WARN_OBJC_LITERAL_CONVERSION = YES;
				CLANG_WARN_OBJC_ROOT_CLASS = YES_ERROR;
				CLANG_WARN_QUOTED_INCLUDE_IN_FRAMEWORK_HEADER = YES;
				CLANG_WARN_RANGE_LOOP_ANALYSIS = YES;
				CLANG_WARN_STRICT_PROTOTYPES = YES;
				CLANG_WARN_SUSPICIOUS_MOVE = YES;
				CLANG_WARN_UNGUARDED_AVAILABILITY = YES_AGGRESSIVE;
				CLANG_WARN_UNREACHABLE_CODE = YES;
				CLANG_WARN__DUPLICATE_METHOD_MATCH = YES;
				COPY_PHASE_STRIP = NO;
				DEBUG_INFORMATION_FORMAT = dwarf;
				ENABLE_STRICT_OBJC_MSGSEND = YES;
				ENABLE_TESTABILITY = YES;
				GCC_C_LANGUAGE_STANDARD = gnu11;
				GCC_DYNAMIC_NO_PIC = NO;
				GCC_NO_COMMON_BLOCKS = YES;
				GCC_OPTIMIZATION_LEVEL = 0;
				GCC_PREPROCESSOR_DEFINITIONS = (
					"DEBUG=1",
					"$(inherited)",
				);
				GCC_WARN_64_TO_32_BIT_CONVERSION = YES;
				GCC_WARN_ABOUT_RETURN_TYPE = YES_ERROR;
				GCC_WARN_UNDECLARED_SELECTOR = YES;
				GCC_WARN_UNINITIALIZED_AUTOS = YES_AGGRESSIVE;
				GCC_WARN_UNUSED_FUNCTION = YES;
				GCC_WARN_UNUSED_VARIABLE = YES;
				IPHONEOS_DEPLOYMENT_TARGET = 14.4;
				MTL_ENABLE_DEBUG_INFO = INCLUDE_SOURCE;
				MTL_FAST_MATH = YES;
				ONLY_ACTIVE_ARCH = YES;
				SDKROOT = iphoneos;
				SWIFT_ACTIVE_COMPILATION_CONDITIONS = DEBUG;
				SWIFT_OPTIMIZATION_LEVEL = "-Onone";
			};
			name = Debug;
		};
		5D393C202602697600E0931B /* Release */ = {
			isa = XCBuildConfiguration;
			buildSettings = {
				ALWAYS_SEARCH_USER_PATHS = NO;
				CLANG_ANALYZER_NONNULL = YES;
				CLANG_ANALYZER_NUMBER_OBJECT_CONVERSION = YES_AGGRESSIVE;
				CLANG_CXX_LANGUAGE_STANDARD = "gnu++14";
				CLANG_CXX_LIBRARY = "libc++";
				CLANG_ENABLE_MODULES = YES;
				CLANG_ENABLE_OBJC_ARC = YES;
				CLANG_ENABLE_OBJC_WEAK = YES;
				CLANG_WARN_BLOCK_CAPTURE_AUTORELEASING = YES;
				CLANG_WARN_BOOL_CONVERSION = YES;
				CLANG_WARN_COMMA = YES;
				CLANG_WARN_CONSTANT_CONVERSION = YES;
				CLANG_WARN_DEPRECATED_OBJC_IMPLEMENTATIONS = YES;
				CLANG_WARN_DIRECT_OBJC_ISA_USAGE = YES_ERROR;
				CLANG_WARN_DOCUMENTATION_COMMENTS = YES;
				CLANG_WARN_EMPTY_BODY = YES;
				CLANG_WARN_ENUM_CONVERSION = YES;
				CLANG_WARN_INFINITE_RECURSION = YES;
				CLANG_WARN_INT_CONVERSION = YES;
				CLANG_WARN_NON_LITERAL_NULL_CONVERSION = YES;
				CLANG_WARN_OBJC_IMPLICIT_RETAIN_SELF = YES;
				CLANG_WARN_OBJC_LITERAL_CONVERSION = YES;
				CLANG_WARN_OBJC_ROOT_CLASS = YES_ERROR;
				CLANG_WARN_QUOTED_INCLUDE_IN_FRAMEWORK_HEADER = YES;
				CLANG_WARN_RANGE_LOOP_ANALYSIS = YES;
				CLANG_WARN_STRICT_PROTOTYPES = YES;
				CLANG_WARN_SUSPICIOUS_MOVE = YES;
				CLANG_WARN_UNGUARDED_AVAILABILITY = YES_AGGRESSIVE;
				CLANG_WARN_UNREACHABLE_CODE = YES;
				CLANG_WARN__DUPLICATE_METHOD_MATCH = YES;
				COPY_PHASE_STRIP = NO;
				DEBUG_INFORMATION_FORMAT = "dwarf-with-dsym";
				ENABLE_NS_ASSERTIONS = NO;
				ENABLE_STRICT_OBJC_MSGSEND = YES;
				GCC_C_LANGUAGE_STANDARD = gnu11;
				GCC_NO_COMMON_BLOCKS = YES;
				GCC_WARN_64_TO_32_BIT_CONVERSION = YES;
				GCC_WARN_ABOUT_RETURN_TYPE = YES_ERROR;
				GCC_WARN_UNDECLARED_SELECTOR = YES;
				GCC_WARN_UNINITIALIZED_AUTOS = YES_AGGRESSIVE;
				GCC_WARN_UNUSED_FUNCTION = YES;
				GCC_WARN_UNUSED_VARIABLE = YES;
				IPHONEOS_DEPLOYMENT_TARGET = 14.4;
				MTL_ENABLE_DEBUG_INFO = NO;
				MTL_FAST_MATH = YES;
				SDKROOT = iphoneos;
				SWIFT_COMPILATION_MODE = wholemodule;
				SWIFT_OPTIMIZATION_LEVEL = "-O";
				VALIDATE_PRODUCT = YES;
			};
			name = Release;
		};
		5D393C222602697600E0931B /* Debug */ = {
			isa = XCBuildConfiguration;
			baseConfigurationReference = 7F9552935A096A6E21D8408F /* Pods-Homework_Storyboard_8.debug.xcconfig */;
			buildSettings = {
				ASSETCATALOG_COMPILER_APPICON_NAME = AppIcon;
				ASSETCATALOG_COMPILER_GLOBAL_ACCENT_COLOR_NAME = AccentColor;
				CODE_SIGN_STYLE = Automatic;
				DEVELOPMENT_TEAM = L363K9J2RM;
				INFOPLIST_FILE = Homework_Storyboard_8/Info.plist;
				LD_RUNPATH_SEARCH_PATHS = (
					"$(inherited)",
					"@executable_path/Frameworks",
				);
				PRODUCT_BUNDLE_IDENTIFIER = "homework.Homework-Storyboard-8";
				PRODUCT_NAME = "$(TARGET_NAME)";
				SWIFT_VERSION = 5.0;
				TARGETED_DEVICE_FAMILY = 1;
			};
			name = Debug;
		};
		5D393C232602697600E0931B /* Release */ = {
			isa = XCBuildConfiguration;
			baseConfigurationReference = FF3CDF100002D838C1C477CF /* Pods-Homework_Storyboard_8.release.xcconfig */;
			buildSettings = {
				ASSETCATALOG_COMPILER_APPICON_NAME = AppIcon;
				ASSETCATALOG_COMPILER_GLOBAL_ACCENT_COLOR_NAME = AccentColor;
				CODE_SIGN_STYLE = Automatic;
				DEVELOPMENT_TEAM = L363K9J2RM;
				INFOPLIST_FILE = Homework_Storyboard_8/Info.plist;
				LD_RUNPATH_SEARCH_PATHS = (
					"$(inherited)",
					"@executable_path/Frameworks",
				);
				PRODUCT_BUNDLE_IDENTIFIER = "homework.Homework-Storyboard-8";
				PRODUCT_NAME = "$(TARGET_NAME)";
				SWIFT_VERSION = 5.0;
				TARGETED_DEVICE_FAMILY = 1;
			};
			name = Release;
		};
/* End XCBuildConfiguration section */

/* Begin XCConfigurationList section */
		5D393C082602697300E0931B /* Build configuration list for PBXProject "Homework_Storyboard_8" */ = {
			isa = XCConfigurationList;
			buildConfigurations = (
				5D393C1F2602697600E0931B /* Debug */,
				5D393C202602697600E0931B /* Release */,
			);
			defaultConfigurationIsVisible = 0;
			defaultConfigurationName = Release;
		};
		5D393C212602697600E0931B /* Build configuration list for PBXNativeTarget "Homework_Storyboard_8" */ = {
			isa = XCConfigurationList;
			buildConfigurations = (
				5D393C222602697600E0931B /* Debug */,
				5D393C232602697600E0931B /* Release */,
			);
			defaultConfigurationIsVisible = 0;
			defaultConfigurationName = Release;
		};
/* End XCConfigurationList section */
	};
	rootObject = 5D393C052602697300E0931B /* Project object */;
}
